// !$*UTF8*$!
{
	archiveVersion = 1;
	classes = {
	};
	objectVersion = 46;
	objects = {

/* Begin PBXBuildFile section */
		E0FF4B121B3337790045D414 /* main.swift in Sources */ = {isa = PBXBuildFile; fileRef = E0FF4B111B3337790045D414 /* main.swift */; };
		E0FF4B191B3337950045D414 /* Sdk.swift in Sources */ = {isa = PBXBuildFile; fileRef = E0FF4B181B3337950045D414 /* Sdk.swift */; };
		E0FF4B1B1B3337A50045D414 /* Auth.swift in Sources */ = {isa = PBXBuildFile; fileRef = E0FF4B1A1B3337A50045D414 /* Auth.swift */; };
		E0FF4B1D1B3338200045D414 /* Platform.swift in Sources */ = {isa = PBXBuildFile; fileRef = E0FF4B1C1B3338200045D414 /* Platform.swift */; };
		E0FF4B1F1B333E1F0045D414 /* Subscription.swift in Sources */ = {isa = PBXBuildFile; fileRef = E0FF4B1E1B333E1F0045D414 /* Subscription.swift */; };
		E0FF4B211B39C6560045D414 /* Account.swift in Sources */ = {isa = PBXBuildFile; fileRef = E0FF4B201B39C6560045D414 /* Account.swift */; };
		E0FF4B231B3A02BA0045D414 /* CallLog.swift in Sources */ = {isa = PBXBuildFile; fileRef = E0FF4B221B3A02BA0045D414 /* CallLog.swift */; };
		E0FF4B251B3A02CC0045D414 /* Messaging.swift in Sources */ = {isa = PBXBuildFile; fileRef = E0FF4B241B3A02CC0045D414 /* Messaging.swift */; };
		E0FF4B271B3A02DD0045D414 /* RingOut.swift in Sources */ = {isa = PBXBuildFile; fileRef = E0FF4B261B3A02DD0045D414 /* RingOut.swift */; };
		E0FF4B291B3A02E50045D414 /* Presence.swift in Sources */ = {isa = PBXBuildFile; fileRef = E0FF4B281B3A02E50045D414 /* Presence.swift */; };
		E0FF4B2B1B3A3D9A0045D414 /* Dictionary.swift in Sources */ = {isa = PBXBuildFile; fileRef = E0FF4B2A1B3A3D9A0045D414 /* Dictionary.swift */; };
/* End PBXBuildFile section */

/* Begin PBXCopyFilesBuildPhase section */
		E0FF4B0C1B3337780045D414 /* CopyFiles */ = {
			isa = PBXCopyFilesBuildPhase;
			buildActionMask = 2147483647;
			dstPath = /usr/share/man/man1/;
			dstSubfolderSpec = 0;
			files = (
			);
			runOnlyForDeploymentPostprocessing = 1;
		};
/* End PBXCopyFilesBuildPhase section */

/* Begin PBXFileReference section */
		E0FF4B0E1B3337790045D414 /* RingCentralSDK */ = {isa = PBXFileReference; explicitFileType = "compiled.mach-o.executable"; includeInIndex = 0; path = RingCentralSDK; sourceTree = BUILT_PRODUCTS_DIR; };
		E0FF4B111B3337790045D414 /* main.swift */ = {isa = PBXFileReference; lastKnownFileType = sourcecode.swift; path = main.swift; sourceTree = "<group>"; };
		E0FF4B181B3337950045D414 /* Sdk.swift */ = {isa = PBXFileReference; fileEncoding = 4; lastKnownFileType = sourcecode.swift; path = Sdk.swift; sourceTree = "<group>"; };
		E0FF4B1A1B3337A50045D414 /* Auth.swift */ = {isa = PBXFileReference; fileEncoding = 4; lastKnownFileType = sourcecode.swift; path = Auth.swift; sourceTree = "<group>"; };
		E0FF4B1C1B3338200045D414 /* Platform.swift */ = {isa = PBXFileReference; fileEncoding = 4; lastKnownFileType = sourcecode.swift; path = Platform.swift; sourceTree = "<group>"; };
		E0FF4B1E1B333E1F0045D414 /* Subscription.swift */ = {isa = PBXFileReference; fileEncoding = 4; lastKnownFileType = sourcecode.swift; path = Subscription.swift; sourceTree = "<group>"; };
		E0FF4B201B39C6560045D414 /* Account.swift */ = {isa = PBXFileReference; fileEncoding = 4; lastKnownFileType = sourcecode.swift; path = Account.swift; sourceTree = "<group>"; };
		E0FF4B221B3A02BA0045D414 /* CallLog.swift */ = {isa = PBXFileReference; fileEncoding = 4; lastKnownFileType = sourcecode.swift; path = CallLog.swift; sourceTree = "<group>"; };
		E0FF4B241B3A02CC0045D414 /* Messaging.swift */ = {isa = PBXFileReference; fileEncoding = 4; lastKnownFileType = sourcecode.swift; path = Messaging.swift; sourceTree = "<group>"; };
		E0FF4B261B3A02DD0045D414 /* RingOut.swift */ = {isa = PBXFileReference; fileEncoding = 4; lastKnownFileType = sourcecode.swift; path = RingOut.swift; sourceTree = "<group>"; };
		E0FF4B281B3A02E50045D414 /* Presence.swift */ = {isa = PBXFileReference; fileEncoding = 4; lastKnownFileType = sourcecode.swift; path = Presence.swift; sourceTree = "<group>"; };
		E0FF4B2A1B3A3D9A0045D414 /* Dictionary.swift */ = {isa = PBXFileReference; fileEncoding = 4; lastKnownFileType = sourcecode.swift; path = Dictionary.swift; sourceTree = "<group>"; };
/* End PBXFileReference section */

/* Begin PBXFrameworksBuildPhase section */
		E0FF4B0B1B3337780045D414 /* Frameworks */ = {
			isa = PBXFrameworksBuildPhase;
			buildActionMask = 2147483647;
			files = (
			);
			runOnlyForDeploymentPostprocessing = 0;
		};
/* End PBXFrameworksBuildPhase section */

/* Begin PBXGroup section */
		E0FF4B051B3337780045D414 = {
			isa = PBXGroup;
			children = (
				E0FF4B101B3337790045D414 /* RingCentralSDK */,
				E0FF4B0F1B3337790045D414 /* Products */,
			);
			sourceTree = "<group>";
		};
		E0FF4B0F1B3337790045D414 /* Products */ = {
			isa = PBXGroup;
			children = (
				E0FF4B0E1B3337790045D414 /* RingCentralSDK */,
			);
			name = Products;
			sourceTree = "<group>";
		};
		E0FF4B101B3337790045D414 /* RingCentralSDK */ = {
			isa = PBXGroup;
			children = (
				E0FF4B111B3337790045D414 /* main.swift */,
				E0FF4B181B3337950045D414 /* Sdk.swift */,
				E0FF4B1E1B333E1F0045D414 /* Subscription.swift */,
				E0FF4B1C1B3338200045D414 /* Platform.swift */,
				E0FF4B2A1B3A3D9A0045D414 /* Dictionary.swift */,
				E0FF4B221B3A02BA0045D414 /* CallLog.swift */,
				E0FF4B241B3A02CC0045D414 /* Messaging.swift */,
				E0FF4B261B3A02DD0045D414 /* RingOut.swift */,
				E0FF4B281B3A02E50045D414 /* Presence.swift */,
				E0FF4B201B39C6560045D414 /* Account.swift */,
				E0FF4B1A1B3337A50045D414 /* Auth.swift */,
			);
			path = RingCentralSDK;
			sourceTree = "<group>";
		};
/* End PBXGroup section */

/* Begin PBXNativeTarget section */
		E0FF4B0D1B3337780045D414 /* RingCentralSDK */ = {
			isa = PBXNativeTarget;
			buildConfigurationList = E0FF4B151B3337790045D414 /* Build configuration list for PBXNativeTarget "RingCentralSDK" */;
			buildPhases = (
				498F1E8F9C2DCD98683A283D /* Check Pods Manifest.lock */,
				E0FF4B0A1B3337780045D414 /* Sources */,
				E0FF4B0B1B3337780045D414 /* Frameworks */,
				E0FF4B0C1B3337780045D414 /* CopyFiles */,
				ABD598BBACFDA66C957370BB /* Copy Pods Resources */,
			);
			buildRules = (
			);
			dependencies = (
			);
			name = RingCentralSDK;
			productName = RingCentralSDK;
			productReference = E0FF4B0E1B3337790045D414 /* RingCentralSDK */;
			productType = "com.apple.product-type.tool";
		};
/* End PBXNativeTarget section */

/* Begin PBXProject section */
		E0FF4B061B3337780045D414 /* Project object */ = {
			isa = PBXProject;
			attributes = {
				LastUpgradeCheck = 0630;
				ORGANIZATIONNAME = "Vincent Tseng";
				TargetAttributes = {
					E0FF4B0D1B3337780045D414 = {
						CreatedOnToolsVersion = 6.3.2;
					};
				};
			};
			buildConfigurationList = E0FF4B091B3337780045D414 /* Build configuration list for PBXProject "RingCentralSDK" */;
			compatibilityVersion = "Xcode 3.2";
			developmentRegion = English;
			hasScannedForEncodings = 0;
			knownRegions = (
				en,
			);
			mainGroup = E0FF4B051B3337780045D414;
			productRefGroup = E0FF4B0F1B3337790045D414 /* Products */;
			projectDirPath = "";
			projectRoot = "";
			targets = (
				E0FF4B0D1B3337780045D414 /* RingCentralSDK */,
			);
		};
/* End PBXProject section */

/* Begin PBXShellScriptBuildPhase section */
		498F1E8F9C2DCD98683A283D /* Check Pods Manifest.lock */ = {
			isa = PBXShellScriptBuildPhase;
			buildActionMask = 2147483647;
			files = (
			);
			inputPaths = (
			);
			name = "Check Pods Manifest.lock";
			outputPaths = (
			);
			runOnlyForDeploymentPostprocessing = 0;
			shellPath = /bin/sh;
			shellScript = "diff \"${PODS_ROOT}/../Podfile.lock\" \"${PODS_ROOT}/Manifest.lock\" > /dev/null\nif [[ $? != 0 ]] ; then\n    cat << EOM\nerror: The sandbox is not in sync with the Podfile.lock. Run 'pod install' or update your CocoaPods installation.\nEOM\n    exit 1\nfi\n";
			showEnvVarsInLog = 0;
		};
		ABD598BBACFDA66C957370BB /* Copy Pods Resources */ = {
			isa = PBXShellScriptBuildPhase;
			buildActionMask = 2147483647;
			files = (
			);
			inputPaths = (
			);
			name = "Copy Pods Resources";
			outputPaths = (
			);
			runOnlyForDeploymentPostprocessing = 0;
			shellPath = /bin/sh;
			shellScript = "\"${SRCROOT}/Pods/Target Support Files/Pods/Pods-resources.sh\"\n";
			showEnvVarsInLog = 0;
		};
/* End PBXShellScriptBuildPhase section */

/* Begin PBXSourcesBuildPhase section */
		E0FF4B0A1B3337780045D414 /* Sources */ = {
			isa = PBXSourcesBuildPhase;
			buildActionMask = 2147483647;
			files = (
				E0FF4B291B3A02E50045D414 /* Presence.swift in Sources */,
				E0FF4B251B3A02CC0045D414 /* Messaging.swift in Sources */,
				E0FF4B191B3337950045D414 /* Sdk.swift in Sources */,
				E0FF4B121B3337790045D414 /* main.swift in Sources */,
				E0FF4B2B1B3A3D9A0045D414 /* Dictionary.swift in Sources */,
				E0FF4B1D1B3338200045D414 /* Platform.swift in Sources */,
				E0FF4B271B3A02DD0045D414 /* RingOut.swift in Sources */,
				E0FF4B231B3A02BA0045D414 /* CallLog.swift in Sources */,
				E0FF4B1B1B3337A50045D414 /* Auth.swift in Sources */,
				E0FF4B1F1B333E1F0045D414 /* Subscription.swift in Sources */,
				E0FF4B211B39C6560045D414 /* Account.swift in Sources */,
			);
			runOnlyForDeploymentPostprocessing = 0;
		};
/* End PBXSourcesBuildPhase section */

/* Begin XCBuildConfiguration section */
		E0FF4B131B3337790045D414 /* Debug */ = {
			isa = XCBuildConfiguration;
			buildSettings = {
				ALWAYS_SEARCH_USER_PATHS = NO;
				CLANG_CXX_LANGUAGE_STANDARD = "gnu++0x";
				CLANG_CXX_LIBRARY = "libc++";
				CLANG_ENABLE_MODULES = YES;
				CLANG_ENABLE_OBJC_ARC = YES;
				CLANG_WARN_BOOL_CONVERSION = YES;
				CLANG_WARN_CONSTANT_CONVERSION = YES;
				CLANG_WARN_DIRECT_OBJC_ISA_USAGE = YES_ERROR;
				CLANG_WARN_EMPTY_BODY = YES;
				CLANG_WARN_ENUM_CONVERSION = YES;
				CLANG_WARN_INT_CONVERSION = YES;
				CLANG_WARN_OBJC_ROOT_CLASS = YES_ERROR;
				CLANG_WARN_UNREACHABLE_CODE = YES;
				CLANG_WARN__DUPLICATE_METHOD_MATCH = YES;
				COPY_PHASE_STRIP = NO;
				DEBUG_INFORMATION_FORMAT = dwarf;
				ENABLE_STRICT_OBJC_MSGSEND = YES;
				GCC_C_LANGUAGE_STANDARD = gnu99;
				GCC_DYNAMIC_NO_PIC = NO;
				GCC_NO_COMMON_BLOCKS = YES;
				GCC_OPTIMIZATION_LEVEL = 0;
				GCC_PREPROCESSOR_DEFINITIONS = (
					"DEBUG=1",
					"$(inherited)",
				);
				GCC_SYMBOLS_PRIVATE_EXTERN = NO;
				GCC_WARN_64_TO_32_BIT_CONVERSION = YES;
				GCC_WARN_ABOUT_RETURN_TYPE = YES_ERROR;
				GCC_WARN_UNDECLARED_SELECTOR = YES;
				GCC_WARN_UNINITIALIZED_AUTOS = YES_AGGRESSIVE;
				GCC_WARN_UNUSED_FUNCTION = YES;
				GCC_WARN_UNUSED_VARIABLE = YES;
				MACOSX_DEPLOYMENT_TARGET = 10.10;
				MTL_ENABLE_DEBUG_INFO = YES;
				ONLY_ACTIVE_ARCH = YES;
				SDKROOT = macosx;
				SWIFT_OPTIMIZATION_LEVEL = "-Onone";
			};
			name = Debug;
		};
		E0FF4B141B3337790045D414 /* Release */ = {
			isa = XCBuildConfiguration;
			buildSettings = {
				ALWAYS_SEARCH_USER_PATHS = NO;
				CLANG_CXX_LANGUAGE_STANDARD = "gnu++0x";
				CLANG_CXX_LIBRARY = "libc++";
				CLANG_ENABLE_MODULES = YES;
				CLANG_ENABLE_OBJC_ARC = YES;
				CLANG_WARN_BOOL_CONVERSION = YES;
				CLANG_WARN_CONSTANT_CONVERSION = YES;
				CLANG_WARN_DIRECT_OBJC_ISA_USAGE = YES_ERROR;
				CLANG_WARN_EMPTY_BODY = YES;
				CLANG_WARN_ENUM_CONVERSION = YES;
				CLANG_WARN_INT_CONVERSION = YES;
				CLANG_WARN_OBJC_ROOT_CLASS = YES_ERROR;
				CLANG_WARN_UNREACHABLE_CODE = YES;
				CLANG_WARN__DUPLICATE_METHOD_MATCH = YES;
				COPY_PHASE_STRIP = NO;
				DEBUG_INFORMATION_FORMAT = "dwarf-with-dsym";
				ENABLE_NS_ASSERTIONS = NO;
				ENABLE_STRICT_OBJC_MSGSEND = YES;
				GCC_C_LANGUAGE_STANDARD = gnu99;
				GCC_NO_COMMON_BLOCKS = YES;
				GCC_WARN_64_TO_32_BIT_CONVERSION = YES;
				GCC_WARN_ABOUT_RETURN_TYPE = YES_ERROR;
				GCC_WARN_UNDECLARED_SELECTOR = YES;
				GCC_WARN_UNINITIALIZED_AUTOS = YES_AGGRESSIVE;
				GCC_WARN_UNUSED_FUNCTION = YES;
				GCC_WARN_UNUSED_VARIABLE = YES;
				MACOSX_DEPLOYMENT_TARGET = 10.10;
				MTL_ENABLE_DEBUG_INFO = NO;
				SDKROOT = macosx;
			};
			name = Release;
		};
		E0FF4B161B3337790045D414 /* Debug */ = {
			isa = XCBuildConfiguration;
			buildSettings = {
				PRODUCT_NAME = "$(TARGET_NAME)";
			};
			name = Debug;
		};
		E0FF4B171B3337790045D414 /* Release */ = {
			isa = XCBuildConfiguration;
			buildSettings = {
				PRODUCT_NAME = "$(TARGET_NAME)";
			};
			name = Release;
		};
/* End XCBuildConfiguration section */

/* Begin XCConfigurationList section */
		E0FF4B091B3337780045D414 /* Build configuration list for PBXProject "RingCentralSDK" */ = {
			isa = XCConfigurationList;
			buildConfigurations = (
				E0FF4B131B3337790045D414 /* Debug */,
				E0FF4B141B3337790045D414 /* Release */,
			);
			defaultConfigurationIsVisible = 0;
			defaultConfigurationName = Release;
		};
		E0FF4B151B3337790045D414 /* Build configuration list for PBXNativeTarget "RingCentralSDK" */ = {
			isa = XCConfigurationList;
			buildConfigurations = (
				E0FF4B161B3337790045D414 /* Debug */,
				E0FF4B171B3337790045D414 /* Release */,
			);
			defaultConfigurationIsVisible = 0;
			defaultConfigurationName = Release;
		};
/* End XCConfigurationList section */
	};
	rootObject = E0FF4B061B3337780045D414 /* Project object */;
}
